Microsoft Visual Studio Solution File, Format Version 11.00
# Visual Studio 2008

Project("{D47BD8BD-4E4D-A36F-389E-55BFE6F4EFC1}") = "warlock-wars", "Assembly-CSharp-firstpass.csproj", "{32B72135-840C-3409-0043-E45274AA310E}"
EndProject
Project("{D47BD8BD-4E4D-A36F-389E-55BFE6F4EFC1}") = "warlock-wars", "Assembly-CSharp.csproj", "{6499D75A-902D-2AC1-BF6F-CD4CB6A652CC}"
EndProject
Project("{D47BD8BD-4E4D-A36F-389E-55BFE6F4EFC1}") = "warlock-wars", "Assembly-CSharp-Editor.csproj", "{EEBC3047-D944-51E8-B212-621A0E099EC4}"
EndProject
Global
	GlobalSection(SolutionConfigurationPlatforms) = preSolution
		Debug|Any CPU = Debug|Any CPU
		Release|Any CPU = Release|Any CPU
	EndGlobalSection
	GlobalSection(ProjectConfigurationPlatforms) = postSolution
		{32B72135-840C-3409-0043-E45274AA310E}.Debug|Any CPU.ActiveCfg = Debug|Any CPU
		{32B72135-840C-3409-0043-E45274AA310E}.Debug|Any CPU.Build.0 = Debug|Any CPU
		{32B72135-840C-3409-0043-E45274AA310E}.Release|Any CPU.ActiveCfg = Release|Any CPU
		{32B72135-840C-3409-0043-E45274AA310E}.Release|Any CPU.Build.0 = Release|Any CPU
		{6499D75A-902D-2AC1-BF6F-CD4CB6A652CC}.Debug|Any CPU.ActiveCfg = Debug|Any CPU
		{6499D75A-902D-2AC1-BF6F-CD4CB6A652CC}.Debug|Any CPU.Build.0 = Debug|Any CPU
		{6499D75A-902D-2AC1-BF6F-CD4CB6A652CC}.Release|Any CPU.ActiveCfg = Release|Any CPU
		{6499D75A-902D-2AC1-BF6F-CD4CB6A652CC}.Release|Any CPU.Build.0 = Release|Any CPU
		{EEBC3047-D944-51E8-B212-621A0E099EC4}.Debug|Any CPU.ActiveCfg = Debug|Any CPU
		{EEBC3047-D944-51E8-B212-621A0E099EC4}.Debug|Any CPU.Build.0 = Debug|Any CPU
		{EEBC3047-D944-51E8-B212-621A0E099EC4}.Release|Any CPU.ActiveCfg = Release|Any CPU
		{EEBC3047-D944-51E8-B212-621A0E099EC4}.Release|Any CPU.Build.0 = Release|Any CPU
	EndGlobalSection
	GlobalSection(SolutionProperties) = preSolution
		HideSolutionNode = FALSE
	EndGlobalSection
																													GlobalSection(MonoDevelopProperties) = preSolution
		StartupItem = Assembly-CSharp.csproj
		Policies = $0
		$0.TextStylePolicy = $1
		$1.inheritsSet = null
		$1.scope = text/x-csharp
		$0.CSharpFormattingPolicy = $2
		$2.inheritsSet = Mono
		$2.inheritsScope = text/x-csharp
		$2.scope = text/x-csharp
		$0.TextStylePolicy = $3
		$3.FileWidth = 120
		$3.TabWidth = 4
		$3.IndentWidth = 4
		$3.EolMarker = Unix
		$3.inheritsSet = Mono
		$3.inheritsScope = text/plain
		$3.scope = text/plain
	EndGlobalSection

EndGlobal
